PODS:
  - Flutter (1.0.0)
  - flutter_ext_plugin (0.0.1):
    - Flutter

DEPENDENCIES:
  - Flutter (from `Flutter`)
  - flutter_ext_plugin (from `.symlinks/plugins/flutter_ext_plugin/ios`)

EXTERNAL SOURCES:
  Flutter:
    :path: Flutter
  flutter_ext_plugin:
    :path: ".symlinks/plugins/flutter_ext_plugin/ios"

SPEC CHECKSUMS:
  Flutter: 0e3d915762c693b495b44d77113d4970485de6ec
  flutter_ext_plugin: 9ab2f99dc8b2125732a05fb9c0395e2fed860de2

PODFILE CHECKSUM: aafe91acc616949ddb318b77800a7f51bffa2a4c

COCOAPODS: 1.9.1
